
Microsoft Visual Studio Solution File, Format Version 12.00
# Visual Studio Version 16
VisualStudioVersion = 16.0.32126.315
MinimumVisualStudioVersion = 10.0.40219.1
Project("{FAE04EC0-301F-11D3-BF4B-00C04F79EFBC}") = "OOP63", "OOP63\OOP63.csproj", "{E0992403-F1B3-45EE-9D6A-D0B08950A0F7}"
EndProject
Global
	GlobalSection(SolutionConfigurationPlatforms) = preSolution
		Debug|Any CPU = Debug|Any CPU
		Release|Any CPU = Release|Any CPU
	EndGlobalSection
	GlobalSection(ProjectConfigurationPlatforms) = postSolution
		{E0992403-F1B3-45EE-9D6A-D0B08950A0F7}.Debug|Any CPU.ActiveCfg = Debug|Any CPU
		{E0992403-F1B3-45EE-9D6A-D0B08950A0F7}.Debug|Any CPU.Build.0 = Debug|Any CPU
		{E0992403-F1B3-45EE-9D6A-D0B08950A0F7}.Release|Any CPU.ActiveCfg = Release|Any CPU
		{E0992403-F1B3-45EE-9D6A-D0B08950A0F7}.Release|Any CPU.Build.0 = Release|Any CPU
	EndGlobalSection
	GlobalSection(SolutionProperties) = preSolution
		HideSolutionNode = FALSE
	EndGlobalSection
	GlobalSection(ExtensibilityGlobals) = postSolution
		SolutionGuid = {0FC0B0C1-0713-4A60-8C02-689E4CB71A32}
	EndGlobalSection
EndGlobal
